version = 1
revision = 3
requires-python = ">=3.10"

[[package]]
name = "datime"
version = "2026.0"
source = { editable = "." }

[package.dev-dependencies]
dev = [
    { name = "ruff" },
    { name = "uv-build" },
]

[package.metadata]

[package.metadata.requires-dev]
dev = [
    { name = "ruff", specifier = ">=0.14.10" },
    { name = "uv-build", specifier = ">=0.9.22" },
]

[[package]]
name = "ruff"
version = "0.15.12"
source = { registry = "https://pypi.org/simple" }
sdist = { url = "https://files.pythonhosted.org/packages/99/43/3291f1cc9106f4c63bdce7a8d0df5047fe8422a75b091c16b5e9355e0b11/ruff-0.15.12.tar.gz", hash = "sha256:ecea26adb26b4232c0c2ca19ccbc0083a68344180bba2a600605538ce51a40a6", size = 4643852, upload-time = "2026-04-24T18:17:14.305Z" }
wheels = [
    { url = "https://files.pythonhosted.org/packages/c3/6e/e78ffb61d4686f3d96ba3df2c801161843746dcbcbb17a1e927d4829312b/ruff-0.15.12-py3-none-linux_armv6l.whl", hash = "sha256:f86f176e188e94d6bdbc09f09bfd9dc729059ad93d0e7390b5a73efe19f8861c", size = 10640713, upload-time = "2026-04-24T18:17:22.841Z" },
    { url = "https://files.pythonhosted.org/packages/ae/08/a317bc231fb9e7b93e4ef3089501e51922ff88d6936ce5cf870c4fe55419/ruff-0.15.12-py3-none-macosx_10_12_x86_64.whl", hash = "sha256:e3bcd123364c3770b8e1b7baaf343cc99a35f197c5c6e8af79015c666c423a6c", size = 11069267, upload-time = "2026-04-24T18:17:30.105Z" },
    { url = "https://files.pythonhosted.org/packages/aa/a4/f828e9718d3dce1f5f11c39c4f65afd32783c8b2aebb2e3d259e492c47bd/ruff-0.15.12-py3-none-macosx_11_0_arm64.whl", hash = "sha256:fe87510d000220aa1ed530d4448a7c696a0cae1213e5ec30e5874287b66557b5", size = 10397182, upload-time = "2026-04-24T18:17:07.177Z" },
    { url = "https://files.pythonhosted.org/packages/71/e0/3310fc6d1b5e1fdea22bf3b1b807c7e187b581021b0d7d4514cccdb5fb71/ruff-0.15.12-py3-none-manylinux_2_17_aarch64.manylinux2014_aarch64.whl", hash = "sha256:84a1630093121375a3e2a95b4a6dc7b59e2b4ee76216e32d81aae550a832d002", size = 10758012, upload-time = "2026-04-24T18:16:55.759Z" },
    { url = "https://files.pythonhosted.org/packages/11/c1/a606911aee04c324ddaa883ae418f3569792fd3c4a10c50e0dd0a2311e1e/ruff-0.15.12-py3-none-manylinux_2_17_armv7l.manylinux2014_armv7l.whl", hash = "sha256:fb129f40f114f089ebe0ca56c0d251cf2061b17651d464bb6478dc01e69f11f5", size = 10447479, upload-time = "2026-04-24T18:16:51.677Z" },
    { url = "https://files.pythonhosted.org/packages/9d/68/4201e8444f0894f21ab4aeeaee68aa4f10b51613514a20d80bd628d57e88/ruff-0.15.12-py3-none-manylinux_2_17_i686.manylinux2014_i686.whl", hash = "sha256:b0c862b172d695db7598426b8af465e7e9ac00a3ea2a3630ee67eb82e366aaa6", size = 11234040, upload-time = "2026-04-24T18:17:16.529Z" },
    { url = "https://files.pythonhosted.org/packages/34/ff/8a6d6cf4ccc23fd67060874e832c18919d1557a0611ebef03fdb01fff11e/ruff-0.15.12-py3-none-manylinux_2_17_ppc64le.manylinux2014_ppc64le.whl", hash = "sha256:2849ea9f3484c3aca43a82f484210370319e7170df4dfe4843395ddf6c57bc33", size = 12087377, upload-time = "2026-04-24T18:17:04.944Z" },
    { url = "https://files.pythonhosted.org/packages/85/f6/c669cf73f5152f623d34e69866a46d5e6185816b19fcd5b6dd8a2d299922/ruff-0.15.12-py3-none-manylinux_2_17_s390x.manylinux2014_s390x.whl", hash = "sha256:9e77c7e51c07fe396826d5969a5b846d9cd4c402535835fb6e21ce8b28fef847", size = 11367784, upload-time = "2026-04-24T18:17:25.409Z" },
    { url = "https://files.pythonhosted.org/packages/e8/39/c61d193b8a1daaa8977f7dea9e8d8ba866e02ea7b65d32f6861693aa4c12/ruff-0.15.12-py3-none-manylinux_2_17_x86_64.manylinux2014_x86_64.whl", hash = "sha256:83b2f4f2f3b1026b5fb449b467d9264bf22067b600f7b6f41fc5958909f449d0", size = 11344088, upload-time = "2026-04-24T18:17:12.258Z" },
    { url = "https://files.pythonhosted.org/packages/c2/8d/49afab3645e31e12c590acb6d3b5b69d7aab5b81926dbaf7461f9441f37a/ruff-0.15.12-py3-none-manylinux_2_31_riscv64.whl", hash = "sha256:9ba3b8f1afd7e2e43d8943e55f249e13f9682fde09711644a6e7290eb4f3e339", size = 11271770, upload-time = "2026-04-24T18:17:02.457Z" },
    { url = "https://files.pythonhosted.org/packages/46/06/33f41fe94403e2b755481cdfb9b7ef3e4e0ed031c4581124658d935d52b4/ruff-0.15.12-py3-none-musllinux_1_2_aarch64.whl", hash = "sha256:e852ba9fdc890655e1d78f2df1499efbe0e54126bd405362154a75e2bde159c5", size = 10719355, upload-time = "2026-04-24T18:17:27.648Z" },
    { url = "https://files.pythonhosted.org/packages/0d/59/18aa4e014debbf559670e4048e39260a85c7fcee84acfd761ac01e7b8d35/ruff-0.15.12-py3-none-musllinux_1_2_armv7l.whl", hash = "sha256:dd8aed930da53780d22fc70bdf84452c843cf64f8cb4eb38984319c24c5cd5fd", size = 10462758, upload-time = "2026-04-24T18:17:32.347Z" },
    { url = "https://files.pythonhosted.org/packages/25/e7/cc9f16fd0f3b5fddcbd7ec3d6ae30c8f3fde1047f32a4093a98d633c6570/ruff-0.15.12-py3-none-musllinux_1_2_i686.whl", hash = "sha256:01da3988d225628b709493d7dc67c3b9b12c0210016b08690ef9bd27970b262b", size = 10953498, upload-time = "2026-04-24T18:17:20.674Z" },
    { url = "https://files.pythonhosted.org/packages/72/7a/a9ba7f98c7a575978698f4230c5e8cc54bbc761af34f560818f933dafa0c/ruff-0.15.12-py3-none-musllinux_1_2_x86_64.whl", hash = "sha256:9cae0f92bd5700d1213188b31cd3bdd2b315361296d10b96b8e2337d3d11f53e", size = 11447765, upload-time = "2026-04-24T18:17:09.755Z" },
    { url = "https://files.pythonhosted.org/packages/ea/f9/0ae446942c846b8266059ad8a30702a35afae55f5cdc54c5adf8d7afdc27/ruff-0.15.12-py3-none-win32.whl", hash = "sha256:d0185894e038d7043ba8fd6aee7499ece6462dc0ea9f1e260c7451807c714c20", size = 10657277, upload-time = "2026-04-24T18:17:18.591Z" },
    { url = "https://files.pythonhosted.org/packages/33/f1/9614e03e1cdcbf9437570b5400ced8a720b5db22b28d8e0f1bda429f660d/ruff-0.15.12-py3-none-win_amd64.whl", hash = "sha256:c87a162d61ab3adca47c03f7f717c68672edec7d1b5499e652331780fe74950d", size = 11837758, upload-time = "2026-04-24T18:17:00.113Z" },
    { url = "https://files.pythonhosted.org/packages/c0/98/6beb4b351e472e5f4c4613f7c35a5290b8be2497e183825310c4c3a3984b/ruff-0.15.12-py3-none-win_arm64.whl", hash = "sha256:a538f7a82d061cee7be55542aca1d86d1393d55d81d4fcc314370f4340930d4f", size = 11120821, upload-time = "2026-04-24T18:16:57.979Z" },
]

[[package]]
name = "uv-build"
version = "0.11.8"
source = { registry = "https://pypi.org/simple" }
sdist = { url = "https://files.pythonhosted.org/packages/ca/f9/2be83a4b40e9353536dfd15e17550102947b3e10b729a018df3e66bf9b73/uv_build-0.11.8.tar.gz", hash = "sha256:77c7f1eb47f4fa76b0848e1d8838255f75f5777bdbfbf06d4aa66bac19aad82e", size = 367238, upload-time = "2026-04-27T13:15:23.769Z" }
wheels = [
    { url = "https://files.pythonhosted.org/packages/28/f0/81efd2c8742e6e21c389ee5e8cee241dc80a5c1254d0e2dc81e0295fc051/uv_build-0.11.8-py3-none-linux_armv6l.whl", hash = "sha256:7f2eb63a25c24cf5ea8974eeba94d00fc467af30699877793ec86f76cba2cbae", size = 1541284, upload-time = "2026-04-27T13:15:06.174Z" },
    { url = "https://files.pythonhosted.org/packages/ab/a6/ea47f9f74c2e412c52c66cf5fc09bbba11ddf41db92c7195bf2bee7cba10/uv_build-0.11.8-py3-none-macosx_10_12_x86_64.whl", hash = "sha256:ad3cd1e920da3d936129b7e86cc8017e70c21354989a0933cdc0d1b70eaea2a3", size = 1484652, upload-time = "2026-04-27T13:15:27.625Z" },
    { url = "https://files.pythonhosted.org/packages/1c/62/6a361afb906fa2936e05d1fa55d46318465e7fa830651c49a1c3fe3547e3/uv_build-0.11.8-py3-none-macosx_11_0_arm64.whl", hash = "sha256:ffb1eeb4436e5513993e5065eae1ce86c7e287afaee7d2ee5d20866a0f9a98d8", size = 1435066, upload-time = "2026-04-27T13:15:20.836Z" },
    { url = "https://files.pythonhosted.org/packages/c9/d7/ebfa1bf85176dee2d0cf6384af4748f0a3a58fd629f4bd142961bdaa1f71/uv_build-0.11.8-py3-none-manylinux_2_17_aarch64.manylinux2014_aarch64.musllinux_1_1_aarch64.whl", hash = "sha256:f9f564873b1c839424207777454b89a90561cae4f784aafe64682666f3810fd9", size = 1621824, upload-time = "2026-04-27T13:15:26.022Z" },
    { url = "https://files.pythonhosted.org/packages/8c/3d/0af7eff910b2877452fa711e9fabde7ded0f8a4bd5ec5d00550d0f415bb9/uv_build-0.11.8-py3-none-manylinux_2_17_armv7l.manylinux2014_armv7l.whl", hash = "sha256:d4cc5a719530c32b78188f05b18219594c3c3c7dd1546b5034693e01a076016a", size = 1502323, upload-time = "2026-04-27T13:15:04.742Z" },
    { url = "https://files.pythonhosted.org/packages/9c/e1/b11a8cd296ebe799118a92e644bb407f3e70e7d5d2d9232d24ef8a8015b2/uv_build-0.11.8-py3-none-manylinux_2_17_i686.manylinux2014_i686.whl", hash = "sha256:d6be9a0fdce838009e3096e5111599c72a7aa88f2fd59850bd98098c8bb7d555", size = 1669649, upload-time = "2026-04-27T13:15:11.534Z" },
    { url = "https://files.pythonhosted.org/packages/f1/b0/d890ca0ee8931e98bd9b87a5ac6733745b2f96f46fde418c1f6f1307a9a7/uv_build-0.11.8-py3-none-manylinux_2_17_ppc64le.manylinux2014_ppc64le.whl", hash = "sha256:b0fdf9a9844ba2960ccf483007a7cc8f00dc8556f648f6694ed9adf6cf5d4a88", size = 1704152, upload-time = "2026-04-27T13:15:19.29Z" },
    { url = "https://files.pythonhosted.org/packages/16/82/f4e4fcf48701d1521e426f24ee77c3759fa9395fdef4bf332f9b8e1b3439/uv_build-0.11.8-py3-none-manylinux_2_17_s390x.manylinux2014_s390x.whl", hash = "sha256:5df6b8b5ebbf5f8a13adf7461580a5364cc5f080373ec2323a821bb4511a54ff", size = 1595783, upload-time = "2026-04-27T13:15:22.227Z" },
    { url = "https://files.pythonhosted.org/packages/7e/af/5b1780b15bc26ac621c05fcfbf0c99cd10a8814e6c137a759f153acb276e/uv_build-0.11.8-py3-none-manylinux_2_17_x86_64.manylinux2014_x86_64.whl", hash = "sha256:ad339f646bee182faa2941b098a9c00f703d1f00ff753b2ae70bbc121ac781af", size = 1627287, upload-time = "2026-04-27T13:15:18.044Z" },
    { url = "https://files.pythonhosted.org/packages/89/0a/734103973766c4e7f6610a1d227c673c63f8126bf37597f96b505bf8462a/uv_build-0.11.8-py3-none-manylinux_2_28_aarch64.whl", hash = "sha256:e96280fd2853545c65d6f4b66b736314f6d2e2398e512225bb97387de1e33ce8", size = 1614189, upload-time = "2026-04-27T13:15:15.616Z" },
    { url = "https://files.pythonhosted.org/packages/03/a7/59183fcbc7b636a78a105d76e8aef1466c83d202aca13fc82e96ff543590/uv_build-0.11.8-py3-none-manylinux_2_31_riscv64.whl", hash = "sha256:b1a56925cd87e8ac548fe978e1e6b57c14c51d9fd583df6e3eccaeae51b2d6ab", size = 1588984, upload-time = "2026-04-27T13:15:12.717Z" },
    { url = "https://files.pythonhosted.org/packages/62/5e/f411aadff68ffcd16c3d8974a0987e9e006b41bb606e8795b9368d30ec86/uv_build-0.11.8-py3-none-musllinux_1_1_armv7l.whl", hash = "sha256:5328ba316e9415f5256d966fe0679ae050bfc38d87a812edf58b34fee3b2a7a3", size = 1521718, upload-time = "2026-04-27T13:15:08.78Z" },
    { url = "https://files.pythonhosted.org/packages/12/90/501317755ae0f6f3ca6f14347a83c150020d419f72499b9fdd55aa855e94/uv_build-0.11.8-py3-none-musllinux_1_1_i686.whl", hash = "sha256:23b7646bc2645d01f81c16685828c987da49e386b304017f4ad43eb752b42b2d", size = 1618995, upload-time = "2026-04-27T13:15:24.859Z" },
    { url = "https://files.pythonhosted.org/packages/a6/03/a53c7fcbd86aae8d394219eaff5948eb973023cd51436559554abe05f236/uv_build-0.11.8-py3-none-musllinux_1_1_riscv64.whl", hash = "sha256:9bb6671f16c8b7a83e2f346d7b9c5a3e3d46e14973094dca003a1fe48ae33a45", size = 1607897, upload-time = "2026-04-27T13:15:02.698Z" },
    { url = "https://files.pythonhosted.org/packages/27/c6/ac7de365827dd73c159686d9cde48521b93bb4525091380d97c97e33406e/uv_build-0.11.8-py3-none-musllinux_1_1_x86_64.whl", hash = "sha256:3e4ab14ac41551b9748456097d0723efa28efac6a8539159a6d031e5c4013ef0", size = 1690696, upload-time = "2026-04-27T13:15:13.915Z" },
    { url = "https://files.pythonhosted.org/packages/4a/3b/f30a426c709bdffef873c51427b2b6be24a229e4ac90095ecd896be14ce4/uv_build-0.11.8-py3-none-win32.whl", hash = "sha256:2933a7f4fc4d065ac825416dfd0d054c585128e7b8fe7264e18fee0fe1230404", size = 1429667, upload-time = "2026-04-27T13:15:16.768Z" },
    { url = "https://files.pythonhosted.org/packages/86/62/09bae94baf6adb58b576d9e621ec5b1588305f892186b9e9938891aa0118/uv_build-0.11.8-py3-none-win_amd64.whl", hash = "sha256:c111a5dd5701bee054ebb3d641465c674cd5c861ea784f116e2815e4a51fb1fc", size = 1500292, upload-time = "2026-04-27T13:15:10.154Z" },
    { url = "https://files.pythonhosted.org/packages/c3/46/8bd4a9ee2f62471a4aa3d64497e49dd610f9717566e2e0712d0c22f2ec04/uv_build-0.11.8-py3-none-win_arm64.whl", hash = "sha256:0e626d76a3a9402ff9a4f20f684c9f93caae602edbde923df27484561de5022f", size = 1420064, upload-time = "2026-04-27T13:15:07.462Z" },
]
