version = 1
revision = 3
requires-python = ">=3.10"

[[package]]
name = "datime"
version = "2026.0"
source = { editable = "." }

[package.dev-dependencies]
dev = [
    { name = "ruff" },
    { name = "uv-build" },
]

[package.metadata]

[package.metadata.requires-dev]
dev = [
    { name = "ruff", specifier = ">=0.14.10" },
    { name = "uv-build", specifier = ">=0.9.22" },
]

[[package]]
name = "ruff"
version = "0.15.5"
source = { registry = "https://pypi.org/simple" }
sdist = { url = "https://files.pythonhosted.org/packages/77/9b/840e0039e65fcf12758adf684d2289024d6140cde9268cc59887dc55189c/ruff-0.15.5.tar.gz", hash = "sha256:7c3601d3b6d76dce18c5c824fc8d06f4eef33d6df0c21ec7799510cde0f159a2", size = 4574214, upload-time = "2026-03-05T20:06:34.946Z" }
wheels = [
    { url = "https://files.pythonhosted.org/packages/47/20/5369c3ce21588c708bcbe517a8fbe1a8dfdb5dfd5137e14790b1da71612c/ruff-0.15.5-py3-none-linux_armv6l.whl", hash = "sha256:4ae44c42281f42e3b06b988e442d344a5b9b72450ff3c892e30d11b29a96a57c", size = 10478185, upload-time = "2026-03-05T20:06:29.093Z" },
    { url = "https://files.pythonhosted.org/packages/44/ed/e81dd668547da281e5dce710cf0bc60193f8d3d43833e8241d006720e42b/ruff-0.15.5-py3-none-macosx_10_12_x86_64.whl", hash = "sha256:6edd3792d408ebcf61adabc01822da687579a1a023f297618ac27a5b51ef0080", size = 10859201, upload-time = "2026-03-05T20:06:32.632Z" },
    { url = "https://files.pythonhosted.org/packages/c4/8f/533075f00aaf19b07c5cd6aa6e5d89424b06b3b3f4583bfa9c640a079059/ruff-0.15.5-py3-none-macosx_11_0_arm64.whl", hash = "sha256:89f463f7c8205a9f8dea9d658d59eff49db05f88f89cc3047fb1a02d9f344010", size = 10184752, upload-time = "2026-03-05T20:06:40.312Z" },
    { url = "https://files.pythonhosted.org/packages/66/0e/ba49e2c3fa0395b3152bad634c7432f7edfc509c133b8f4529053ff024fb/ruff-0.15.5-py3-none-manylinux_2_17_aarch64.manylinux2014_aarch64.whl", hash = "sha256:ba786a8295c6574c1116704cf0b9e6563de3432ac888d8f83685654fe528fd65", size = 10534857, upload-time = "2026-03-05T20:06:19.581Z" },
    { url = "https://files.pythonhosted.org/packages/59/71/39234440f27a226475a0659561adb0d784b4d247dfe7f43ffc12dd02e288/ruff-0.15.5-py3-none-manylinux_2_17_armv7l.manylinux2014_armv7l.whl", hash = "sha256:fd4b801e57955fe9f02b31d20375ab3a5c4415f2e5105b79fb94cf2642c91440", size = 10309120, upload-time = "2026-03-05T20:06:00.435Z" },
    { url = "https://files.pythonhosted.org/packages/f5/87/4140aa86a93df032156982b726f4952aaec4a883bb98cb6ef73c347da253/ruff-0.15.5-py3-none-manylinux_2_17_i686.manylinux2014_i686.whl", hash = "sha256:391f7c73388f3d8c11b794dbbc2959a5b5afe66642c142a6effa90b45f6f5204", size = 11047428, upload-time = "2026-03-05T20:05:51.867Z" },
    { url = "https://files.pythonhosted.org/packages/5a/f7/4953e7e3287676f78fbe85e3a0ca414c5ca81237b7575bdadc00229ac240/ruff-0.15.5-py3-none-manylinux_2_17_ppc64le.manylinux2014_ppc64le.whl", hash = "sha256:8dc18f30302e379fe1e998548b0f5e9f4dff907f52f73ad6da419ea9c19d66c8", size = 11914251, upload-time = "2026-03-05T20:06:22.887Z" },
    { url = "https://files.pythonhosted.org/packages/77/46/0f7c865c10cf896ccf5a939c3e84e1cfaeed608ff5249584799a74d33835/ruff-0.15.5-py3-none-manylinux_2_17_s390x.manylinux2014_s390x.whl", hash = "sha256:1cc6e7f90087e2d27f98dc34ed1b3ab7c8f0d273cc5431415454e22c0bd2a681", size = 11333801, upload-time = "2026-03-05T20:05:57.168Z" },
    { url = "https://files.pythonhosted.org/packages/d3/01/a10fe54b653061585e655f5286c2662ebddb68831ed3eaebfb0eb08c0a16/ruff-0.15.5-py3-none-manylinux_2_17_x86_64.manylinux2014_x86_64.whl", hash = "sha256:c1cb7169f53c1ddb06e71a9aebd7e98fc0fea936b39afb36d8e86d36ecc2636a", size = 11206821, upload-time = "2026-03-05T20:06:03.441Z" },
    { url = "https://files.pythonhosted.org/packages/7a/0d/2132ceaf20c5e8699aa83da2706ecb5c5dcdf78b453f77edca7fb70f8a93/ruff-0.15.5-py3-none-manylinux_2_31_riscv64.whl", hash = "sha256:9b037924500a31ee17389b5c8c4d88874cc6ea8e42f12e9c61a3d754ff72f1ca", size = 11133326, upload-time = "2026-03-05T20:06:25.655Z" },
    { url = "https://files.pythonhosted.org/packages/72/cb/2e5259a7eb2a0f87c08c0fe5bf5825a1e4b90883a52685524596bfc93072/ruff-0.15.5-py3-none-musllinux_1_2_aarch64.whl", hash = "sha256:65bb414e5b4eadd95a8c1e4804f6772bbe8995889f203a01f77ddf2d790929dd", size = 10510820, upload-time = "2026-03-05T20:06:37.79Z" },
    { url = "https://files.pythonhosted.org/packages/ff/20/b67ce78f9e6c59ffbdb5b4503d0090e749b5f2d31b599b554698a80d861c/ruff-0.15.5-py3-none-musllinux_1_2_armv7l.whl", hash = "sha256:d20aa469ae3b57033519c559e9bc9cd9e782842e39be05b50e852c7c981fa01d", size = 10302395, upload-time = "2026-03-05T20:05:54.504Z" },
    { url = "https://files.pythonhosted.org/packages/5f/e5/719f1acccd31b720d477751558ed74e9c88134adcc377e5e886af89d3072/ruff-0.15.5-py3-none-musllinux_1_2_i686.whl", hash = "sha256:15388dd28c9161cdb8eda68993533acc870aa4e646a0a277aa166de9ad5a8752", size = 10754069, upload-time = "2026-03-05T20:06:06.422Z" },
    { url = "https://files.pythonhosted.org/packages/c3/9c/d1db14469e32d98f3ca27079dbd30b7b44dbb5317d06ab36718dee3baf03/ruff-0.15.5-py3-none-musllinux_1_2_x86_64.whl", hash = "sha256:b30da330cbd03bed0c21420b6b953158f60c74c54c5f4c1dabbdf3a57bf355d2", size = 11304315, upload-time = "2026-03-05T20:06:10.867Z" },
    { url = "https://files.pythonhosted.org/packages/28/3a/950367aee7c69027f4f422059227b290ed780366b6aecee5de5039d50fa8/ruff-0.15.5-py3-none-win32.whl", hash = "sha256:732e5ee1f98ba5b3679029989a06ca39a950cced52143a0ea82a2102cb592b74", size = 10551676, upload-time = "2026-03-05T20:06:13.705Z" },
    { url = "https://files.pythonhosted.org/packages/b8/00/bf077a505b4e649bdd3c47ff8ec967735ce2544c8e4a43aba42ee9bf935d/ruff-0.15.5-py3-none-win_amd64.whl", hash = "sha256:821d41c5fa9e19117616c35eaa3f4b75046ec76c65e7ae20a333e9a8696bc7fe", size = 11678972, upload-time = "2026-03-05T20:06:45.379Z" },
    { url = "https://files.pythonhosted.org/packages/fe/4e/cd76eca6db6115604b7626668e891c9dd03330384082e33662fb0f113614/ruff-0.15.5-py3-none-win_arm64.whl", hash = "sha256:b498d1c60d2fe5c10c45ec3f698901065772730b411f164ae270bb6bfcc4740b", size = 10965572, upload-time = "2026-03-05T20:06:16.984Z" },
]

[[package]]
name = "uv-build"
version = "0.10.12"
source = { registry = "https://pypi.org/simple" }
sdist = { url = "https://files.pythonhosted.org/packages/c8/98/00359ae44ceac177d75c7d9d185734581e36b434359e065e1b675770a74c/uv_build-0.10.12.tar.gz", hash = "sha256:e37047736eda373e7fb3a79399ca4e3c30d9be88e436276ebb7b243bcded428c", size = 378676, upload-time = "2026-03-19T21:50:48.064Z" }
wheels = [
    { url = "https://files.pythonhosted.org/packages/55/bd/532a24391d4da4b07c793c7c7d24c3c21ce7eab34f49b0477f968758ed85/uv_build-0.10.12-py3-none-linux_armv6l.whl", hash = "sha256:eaae56f65f9883e363c4f2985acc38270384d758131e39ad530959d1f4d5c244", size = 1527003, upload-time = "2026-03-19T21:50:42.599Z" },
    { url = "https://files.pythonhosted.org/packages/cf/66/87c8e2846d9cb0013e7d986bacca1644ce27b8c7cff1487788f381cd5397/uv_build-0.10.12-py3-none-macosx_10_12_x86_64.whl", hash = "sha256:2de063880945b211b24bc243e12d01853474337c328fd73ea9b65915723ea9c8", size = 1472543, upload-time = "2026-03-19T21:50:43.806Z" },
    { url = "https://files.pythonhosted.org/packages/57/12/7eecd2339ee2ef8299082376cfc19dc2c93122ad2de1bde721717c72a7cc/uv_build-0.10.12-py3-none-macosx_11_0_arm64.whl", hash = "sha256:ac25a26fd6820bcebd65b6ff281788f8041d6a23c5d0372a75f033b0b432dc19", size = 1428702, upload-time = "2026-03-19T21:50:41.002Z" },
    { url = "https://files.pythonhosted.org/packages/29/ea/aa257af6ba590162c1eb9bef6ea33b53dc4bfdb3c739168f20ffd15c45fc/uv_build-0.10.12-py3-none-manylinux_2_17_aarch64.manylinux2014_aarch64.musllinux_1_1_aarch64.whl", hash = "sha256:013573044907324c99f74b365dd1574a383d4f453fde965693ba7cdf6432c8e5", size = 1608786, upload-time = "2026-03-19T21:50:39.712Z" },
    { url = "https://files.pythonhosted.org/packages/43/a4/a9ccc645a04257f0245cd2f290c6462572f3189648e41b20c5a3a5676b85/uv_build-0.10.12-py3-none-manylinux_2_17_armv7l.manylinux2014_armv7l.whl", hash = "sha256:dc1a8eb8b6c761c69ea03aae65ab32f897900d3995d68eda9a9c610ee3ee94f4", size = 1490907, upload-time = "2026-03-19T21:50:58.671Z" },
    { url = "https://files.pythonhosted.org/packages/8e/07/fd819e35d9ab26c63f9b623ae31a7b4f29889367814c73326190381066d3/uv_build-0.10.12-py3-none-manylinux_2_17_i686.manylinux2014_i686.whl", hash = "sha256:269bdb8907ff463c8dbb7a9b123d7fe316a172912b34b34ec8620a4267cdaf13", size = 1655032, upload-time = "2026-03-19T21:50:36.77Z" },
    { url = "https://files.pythonhosted.org/packages/91/3c/905ba6661b38b7446e8b9f1538c7c61d2877c48b2bcd9d8930090daa7e4d/uv_build-0.10.12-py3-none-manylinux_2_17_ppc64le.manylinux2014_ppc64le.whl", hash = "sha256:2143f3807b654ead18cf7ec13d179b7b2d6e95ed5e20ae6b9fc592203fef3a2c", size = 1690231, upload-time = "2026-03-19T21:50:38.114Z" },
    { url = "https://files.pythonhosted.org/packages/bd/42/8c174299e55bf36e1ebe7bf22874f467379dacabaea92b9332aa4b9c512e/uv_build-0.10.12-py3-none-manylinux_2_17_s390x.manylinux2014_s390x.whl", hash = "sha256:de103bc790f4518c4b77f937d690d50f6311409684b57ce5aca8cbae07c71ae0", size = 1579694, upload-time = "2026-03-19T21:50:52.351Z" },
    { url = "https://files.pythonhosted.org/packages/65/5d/b8fab87e5cc6ef3db669868d85f4dbfd1ff9243b392303ebe51e2d249b22/uv_build-0.10.12-py3-none-manylinux_2_17_x86_64.manylinux2014_x86_64.whl", hash = "sha256:7ab118c31728f7e5192781e58eb7bf18b33f4e6b46675baaa31f266c3c33248f", size = 1615664, upload-time = "2026-03-19T21:50:35.253Z" },
    { url = "https://files.pythonhosted.org/packages/88/23/a74ebe2f8fcbaceb7b5aa6ef74fd10557041d90cdc52a991644df64a21d5/uv_build-0.10.12-py3-none-manylinux_2_28_aarch64.whl", hash = "sha256:bb1122894d134ead39b772eb8ec4b9931dea7f6d2c90235b6c323d322d2f61ad", size = 1606136, upload-time = "2026-03-19T21:50:56.262Z" },
    { url = "https://files.pythonhosted.org/packages/79/b3/c9c6773d4870cdc40deab97899b1d3740386baffde8cfa57060edd9f5244/uv_build-0.10.12-py3-none-manylinux_2_31_riscv64.whl", hash = "sha256:96ad2d76276ed9f47ea34fdd8ea9d85322221c1e586be75913acd7f548a3ad9f", size = 1575877, upload-time = "2026-03-19T21:50:46.601Z" },
    { url = "https://files.pythonhosted.org/packages/f3/7a/998751796f8c6479d49ca7574f55f2bef04b49e4ffc7daee406abd842223/uv_build-0.10.12-py3-none-musllinux_1_1_armv7l.whl", hash = "sha256:16cd225f57b9fc60a0749572c73497902a22225b847d8606211dbef958b7e865", size = 1509129, upload-time = "2026-03-19T21:50:45.247Z" },
    { url = "https://files.pythonhosted.org/packages/c1/06/75491307c2e2785c8c19e38e1b8c6555fc37116a82d580e49140044e28b1/uv_build-0.10.12-py3-none-musllinux_1_1_i686.whl", hash = "sha256:30b020c5200d56bf21d0db525256737307866dac3ae138b52b345f691083dd0a", size = 1608851, upload-time = "2026-03-19T21:50:53.652Z" },
    { url = "https://files.pythonhosted.org/packages/7d/3a/c797c512d51e6956abd401db426ca46de512e5c2de438105821ae2591c55/uv_build-0.10.12-py3-none-musllinux_1_1_riscv64.whl", hash = "sha256:2157a7787fa79ba550525894780a1bf975205b9248ed22703937af1f1dd74021", size = 1599658, upload-time = "2026-03-19T21:50:34.04Z" },
    { url = "https://files.pythonhosted.org/packages/f0/d8/22abea0494412ec949360457959644c215a684c94b5341920e037389e575/uv_build-0.10.12-py3-none-musllinux_1_1_x86_64.whl", hash = "sha256:8aadcea805994bfe47f21fc6e36c0dea802b58cec54ca5430734b86a78c6730a", size = 1682924, upload-time = "2026-03-19T21:50:54.844Z" },
    { url = "https://files.pythonhosted.org/packages/3e/67/a49c207ae6402b83a6acd48a453c184282bffd20ea9d4937c25d1523486c/uv_build-0.10.12-py3-none-win32.whl", hash = "sha256:f87b14be3275cf8d8666e3c5354509d6a2744a96ef83fdcdd87099bf1b9f1ef5", size = 1422957, upload-time = "2026-03-19T21:50:49.203Z" },
    { url = "https://files.pythonhosted.org/packages/dd/11/d7bd80bd2a921aab9b46667273457a3f3458cbb30291f010fe5034ca146e/uv_build-0.10.12-py3-none-win_amd64.whl", hash = "sha256:c3e1ce5e0dee4ff971f964ab07bce78aefe537d5364fae243e307dda2550cdc7", size = 1490583, upload-time = "2026-03-19T21:50:57.448Z" },
    { url = "https://files.pythonhosted.org/packages/78/b9/e581dd6a90ba08f0518c70276aa9896eed6efb0d5b480ef85acd7c665722/uv_build-0.10.12-py3-none-win_arm64.whl", hash = "sha256:e4b618934f177f31a930ea18398ae1cb40f35e2d3aca4d09b73afad5cd86b326", size = 1413755, upload-time = "2026-03-19T21:50:51.134Z" },
]
