version = 1
revision = 3
requires-python = ">=3.10"

[[package]]
name = "datime"
version = "2026.0"
source = { editable = "." }

[package.dev-dependencies]
dev = [
    { name = "ruff" },
    { name = "uv-build" },
]

[package.metadata]

[package.metadata.requires-dev]
dev = [
    { name = "ruff", specifier = ">=0.16.5" },
    { name = "uv-build", specifier = ">=0.9.22" },
]

[[package]]
name = "ruff"
version = "0.16.8"
source = { registry = "https://pypi.org/simple" }
sdist = { url = "https://files.pythonhosted.org/packages/ba/78/449cb84790bd5cc3823b2652ee405a4558856e5c4195aee3a16bf7b3eb5d/ruff-0.16.8.tar.gz", hash = "sha256:9247bf92b5f04d825c8639a4fe423ec2e4222acd9222e58412b0dab7e442798b", size = 4938814, upload-time = "2026-09-16T15:54:46.688Z" }
wheels = [
    { url = "https://files.pythonhosted.org/packages/ac/25/6071aabc530e9be7e2c195e8fe3f7aea2735405b6cf447212832d7811831/ruff-0.16.8-py3-none-linux_armv6l.whl", hash = "sha256:6ffbd6d87383c1edf5f6fa890f10200950240d7c1a16052a19a09d3a2307dd38", size = 10048966, upload-time = "2026-09-16T15:53:57.605Z" },
    { url = "https://files.pythonhosted.org/packages/54/98/07f90ecbc74dd5fb5764f11f2bc774d6a7cffef92d2ff5f5b4e9e23c754e/ruff-0.16.8-py3-none-macosx_10_12_x86_64.whl", hash = "sha256:42ed6b878ed61e3acca92f2730a17acff39286944ea82398544696366a6f925e", size = 10165498, upload-time = "2026-09-16T15:54:01.14Z" },
    { url = "https://files.pythonhosted.org/packages/fe/1f/e6a712e3b47cad4a40600134105ed193cb773f618a42eb7ba323cb812cc0/ruff-0.16.8-py3-none-macosx_11_0_arm64.whl", hash = "sha256:7ea781c7f2afba8c6a505ea0fb3f994020249e0c450635f5381286fea6b46170", size = 9830004, upload-time = "2026-09-16T15:54:03.998Z" },
    { url = "https://files.pythonhosted.org/packages/23/f2/311a08776d75d81c7676e20b6b020ae63cbe881fcdc7a8dd64e6e18bdd93/ruff-0.16.8-py3-none-manylinux_2_17_aarch64.manylinux2014_aarch64.whl", hash = "sha256:8efeae3bbe414a5efefda11a792dfb51ef90ac48d50c4830de2f644caf3e8659", size = 9986558, upload-time = "2026-09-16T15:54:06.804Z" },
    { url = "https://files.pythonhosted.org/packages/f3/ed/37b6cb3d3ba8c73e68ae3eb1d502383beb5aa05a582bb7bb3a922f929f54/ruff-0.16.8-py3-none-manylinux_2_17_armv7l.manylinux2014_armv7l.whl", hash = "sha256:3a79b795469fef7fc6e908b218eed2eb17332afd85031db6480dc864560e69b2", size = 9877332, upload-time = "2026-09-16T15:54:09.552Z" },
    { url = "https://files.pythonhosted.org/packages/22/cc/40873a8f36ad084cc540d55fcca7077264d5b13b24659e9180c176fb2b08/ruff-0.16.8-py3-none-manylinux_2_17_i686.manylinux2014_i686.whl", hash = "sha256:3fdc5563cdc50555e6fba39322850860e9267c1b3d12c26a74729d8604c3c812", size = 10507125, upload-time = "2026-09-16T15:54:12.152Z" },
    { url = "https://files.pythonhosted.org/packages/c3/e4/fc91a642b78ccbab6b9477720f3644ae7a10a9bcce69a934679cd64f62bc/ruff-0.16.8-py3-none-manylinux_2_17_ppc64le.manylinux2014_ppc64le.whl", hash = "sha256:34508983c70665578dab88f5223d8e6228307e1135398ca8bfc8b7e9501e282b", size = 11336694, upload-time = "2026-09-16T15:54:15.489Z" },
    { url = "https://files.pythonhosted.org/packages/c2/3d/bbd2a9a600a4e73dc3e7548a249c8d1671273464b55822c6fae50f602dff/ruff-0.16.8-py3-none-manylinux_2_17_s390x.manylinux2014_s390x.whl", hash = "sha256:644bb578569e0ffc575741232bd385dacdd6fbe123f1a729e7a225f54aa3957f", size = 10774448, upload-time = "2026-09-16T15:54:18.16Z" },
    { url = "https://files.pythonhosted.org/packages/1a/41/d83af9879a7b6e8bf5fe16b1da0b134049d2f5d3afac12defb0897cb84bd/ruff-0.16.8-py3-none-manylinux_2_17_x86_64.manylinux2014_x86_64.whl", hash = "sha256:15e7d226246961db9235098333caa13063906d3851136b84c2900b82f5daa1df", size = 10323796, upload-time = "2026-09-16T15:54:20.743Z" },
    { url = "https://files.pythonhosted.org/packages/f5/2c/cefd07bfe914b84943ea769ade8d607bd22750b965d3228eefd7cebd15d0/ruff-0.16.8-py3-none-manylinux_2_31_riscv64.whl", hash = "sha256:a2bf6bc3e9ebdd4449abc6f06cf64b98051a2c61cf94d2fe9596518c881f1a1e", size = 10514115, upload-time = "2026-09-16T15:54:23.497Z" },
    { url = "https://files.pythonhosted.org/packages/f3/9d/76a2e26c79a23be6e6e3664c57bec9e9fc8de155cfb9e4b67ea91b64f9d7/ruff-0.16.8-py3-none-musllinux_1_2_aarch64.whl", hash = "sha256:6ca111ba0849539165e9e59d2b442542f3c1e8060ebbdea82494f1ffbccb1e1f", size = 10072582, upload-time = "2026-09-16T15:54:26.185Z" },
    { url = "https://files.pythonhosted.org/packages/2e/d4/f42edddb39668af1a559ceafa3823aedd65633a48dc9768e775485faa2c1/ruff-0.16.8-py3-none-musllinux_1_2_armv7l.whl", hash = "sha256:359a1e5b495448ee1e91018064382ebc86f90e8aac2fed222c7d0e4e8df85fd2", size = 9879644, upload-time = "2026-09-16T15:54:29.278Z" },
    { url = "https://files.pythonhosted.org/packages/f8/d4/913e3195d95e0378786c6656945c865f534a3560e29139da4882aff630d1/ruff-0.16.8-py3-none-musllinux_1_2_i686.whl", hash = "sha256:59e8f5681349474110b24d62e93cfda6593f5fa3473446ca3705200cac1a08b9", size = 10231569, upload-time = "2026-09-16T15:54:32.036Z" },
    { url = "https://files.pythonhosted.org/packages/2b/c4/8aa6ea0bdcedbd1bf87397e2fc4ed8406448ea5842f8660bc6e5f163039d/ruff-0.16.8-py3-none-musllinux_1_2_x86_64.whl", hash = "sha256:efa3e7a16d1baaa79957888dfdf8be9ef2e44db81cb032af06d76632ab59e773", size = 10663666, upload-time = "2026-09-16T15:54:34.838Z" },
    { url = "https://files.pythonhosted.org/packages/3d/02/7f10ef4700bc223c30a3fdd10631a29830c45524b810a3c7ed947af64591/ruff-0.16.8-py3-none-win32.whl", hash = "sha256:55793ba85c69921e89be061426d91a78652d6e50317c962240922747a4eb713f", size = 10093472, upload-time = "2026-09-16T15:54:37.47Z" },
    { url = "https://files.pythonhosted.org/packages/1e/5d/a509c07d714b6da88f2c518b4637cf6f1d46b074be8f0f1e5fb9ff5126fe/ruff-0.16.8-py3-none-win_amd64.whl", hash = "sha256:a6b85621fd3c81e31fc5f5add09c9c078b430db3595ca632efafdec9e64ebfaa", size = 10586899, upload-time = "2026-09-16T15:54:40.488Z" },
    { url = "https://files.pythonhosted.org/packages/fe/a0/50787329e4f20bf9dc9f6230015d46ec69c51a97ace5bc202dae4755365d/ruff-0.16.8-py3-none-win_arm64.whl", hash = "sha256:d075e820af612102ce217f07cc93e69f9490b10ec13ea85fa87bd03d996cef8a", size = 10386316, upload-time = "2026-09-16T15:54:43.332Z" },
]

[[package]]
name = "uv-build"
version = "0.12.16"
source = { registry = "https://pypi.org/simple" }
sdist = { url = "https://files.pythonhosted.org/packages/12/9e/a39d81b635c71c5ce92843e44ceab8e15b47d8b88dde9f067cceb07caa61/uv_build-0.12.16.tar.gz", hash = "sha256:32ca6fb8d5223c51c72bb09d6f52b6730406ded06ad17711ea2fef8bff260c62", size = 432812, upload-time = "2026-09-18T00:50:22.244Z" }
wheels = [
    { url = "https://files.pythonhosted.org/packages/80/d0/4ad9cf27372e8f96d58f7c3b63f17570870a605e591c6e69d2b87a6d4526/uv_build-0.12.16-py3-none-linux_armv6l.whl", hash = "sha256:f9e7200c9164ea5b6c86e991be8eba86055c6a8789a5b993234e7287d49d9d6e", size = 1517981, upload-time = "2026-09-18T00:49:54.212Z" },
    { url = "https://files.pythonhosted.org/packages/7e/1a/09c00847e5f8b09f2b8953b97c883491789fbc9dcfb26a1274d0319c7731/uv_build-0.12.16-py3-none-macosx_10_12_x86_64.whl", hash = "sha256:2415ec4313ea851500fdc5bb129e51cccd858220972ceae51de5f9f396d6d62d", size = 1436558, upload-time = "2026-09-18T00:49:56.01Z" },
    { url = "https://files.pythonhosted.org/packages/a9/77/9ee1c437349af407af136a6bd4017871159010a08a07221aff324d0e4c9c/uv_build-0.12.16-py3-none-macosx_11_0_arm64.whl", hash = "sha256:ca6d93cc8468acfbda9e73971de81f677056d8ba03931e1d51dc37fbbb165b54", size = 1342223, upload-time = "2026-09-18T00:49:57.46Z" },
    { url = "https://files.pythonhosted.org/packages/90/fa/9a59178ebdf233bf6a36b19db6c74911719377c7d8b8e75536ab5a05eaca/uv_build-0.12.16-py3-none-manylinux_2_17_aarch64.manylinux2014_aarch64.musllinux_1_1_aarch64.whl", hash = "sha256:4f9ecef39140dce476dc978361876414ad0b2e7a5d822180ab677b3cdd1566fb", size = 1600203, upload-time = "2026-09-18T00:49:58.755Z" },
    { url = "https://files.pythonhosted.org/packages/4f/96/a6b31c39d9b5b58a6472ad966ac357067f038a23dabb155c2c93f07db759/uv_build-0.12.16-py3-none-manylinux_2_17_armv7l.manylinux2014_armv7l.whl", hash = "sha256:6a20822839f01490821f5e865127b1b8fef9f0677c54d81318a1cd0b659002d4", size = 1483201, upload-time = "2026-09-18T00:50:00.237Z" },
    { url = "https://files.pythonhosted.org/packages/ba/d5/d090496903f299589745027daf1b30a07e1706f0caebab2fcb4acf035e84/uv_build-0.12.16-py3-none-manylinux_2_17_i686.manylinux2014_i686.whl", hash = "sha256:156bffc11c8e003c651acce1fcc7273a144adc3046124840eefa95f975b86936", size = 1642209, upload-time = "2026-09-18T00:50:01.707Z" },
    { url = "https://files.pythonhosted.org/packages/46/cf/2afe3990e18c58301b56ceec6c7684042577eddd1757f73e828f521e1d35/uv_build-0.12.16-py3-none-manylinux_2_17_ppc64le.manylinux2014_ppc64le.whl", hash = "sha256:61f1dfa1f7209dbf16b13cc6c459f002ccafdac0ac8a031c57d4ef36723f2f17", size = 1675880, upload-time = "2026-09-18T00:50:03.227Z" },
    { url = "https://files.pythonhosted.org/packages/5d/e6/134ed4c0c51afe3c9f775f730fc33cfd15e8cea6795c79eb4a3322db92e3/uv_build-0.12.16-py3-none-manylinux_2_17_s390x.manylinux2014_s390x.whl", hash = "sha256:1eab746eb976791121b6a7f18433830ecd406a7eeaf39bb09f10a3a67c1a1bff", size = 1580056, upload-time = "2026-09-18T00:50:04.849Z" },
    { url = "https://files.pythonhosted.org/packages/37/7c/8ad4fa037c541574e8ba99b11f4b5cf5be8d7b96fda69232f5068f31f9f7/uv_build-0.12.16-py3-none-manylinux_2_17_x86_64.manylinux2014_x86_64.whl", hash = "sha256:e1de1fb7205d5fd249540a9c5ce4fc310e883fc5bd0424597e3a99f022991a28", size = 1604855, upload-time = "2026-09-18T00:50:06.372Z" },
    { url = "https://files.pythonhosted.org/packages/17/fe/5684349a14fae46b43cc6a07404a72e7261eabd35d99e31dfbf6bafcf64f/uv_build-0.12.16-py3-none-manylinux_2_28_aarch64.whl", hash = "sha256:e3e9dc27f102850eb4474a436d356f8511dc55f280dd552678b1f5c5341a67b2", size = 1603934, upload-time = "2026-09-18T00:50:07.782Z" },
    { url = "https://files.pythonhosted.org/packages/fe/2e/01551bfaa10d9748c427d525409fbb6591eae22f4b5d0d423b230a1c9bb3/uv_build-0.12.16-py3-none-manylinux_2_31_riscv64.whl", hash = "sha256:0924d1e729e35fd0af9868ec042b3d25c8eb4ce122e8ecfe8a29f2f4d1ada9bd", size = 1567196, upload-time = "2026-09-18T00:50:09.256Z" },
    { url = "https://files.pythonhosted.org/packages/fa/fb/e89bd7c2df03089dbdb281e826574c4bd9a162c5ba6402cd425107ba701f/uv_build-0.12.16-py3-none-musllinux_1_1_armv7l.whl", hash = "sha256:350b4ccf929b10212bfed6a4fd93f3ce6dade15cba0c03b37bcb5dbe91c8f1d2", size = 1497886, upload-time = "2026-09-18T00:50:10.979Z" },
    { url = "https://files.pythonhosted.org/packages/64/47/4a1ad8c545d667507c7a5a6a54a3b29c963f4bec3935003d1270e837cfc4/uv_build-0.12.16-py3-none-musllinux_1_1_i686.whl", hash = "sha256:0b46e14e00a1360372557e207fed9edd46b4c53dc6a0afcf4b8ac37b2d1faa24", size = 1593675, upload-time = "2026-09-18T00:50:12.37Z" },
    { url = "https://files.pythonhosted.org/packages/e8/a6/6b9bb0e8cb5eeebfdaf86ae01ff28dcde6ae481a0b217edda9bbe666cbba/uv_build-0.12.16-py3-none-musllinux_1_1_riscv64.whl", hash = "sha256:7a43ee085ed18a118382e9b6832ed39ecf646e5cc46de745ac58eba52e32b311", size = 1586873, upload-time = "2026-09-18T00:50:13.785Z" },
    { url = "https://files.pythonhosted.org/packages/a7/b9/680d5b7a3b600617a496daa260cfe7583116b16c9c4ceda912ce9f3e630f/uv_build-0.12.16-py3-none-musllinux_1_1_x86_64.whl", hash = "sha256:fa66f6d3e4418fad4b0e1c0b0604a4da3b1a99d8f0fd1a5b9b11b9f3c694ff58", size = 1665598, upload-time = "2026-09-18T00:50:16.322Z" },
    { url = "https://files.pythonhosted.org/packages/43/da/d7861cfdad454e175ec564b9bcc095b8e73d4cd9c05ce188af693fab2ea8/uv_build-0.12.16-py3-none-win32.whl", hash = "sha256:32f1868371e82fb3e55a05c47f911813f9fe6b1107c6a5ee33d3fb10fc1192c6", size = 1370914, upload-time = "2026-09-18T00:50:17.608Z" },
    { url = "https://files.pythonhosted.org/packages/b5/93/2caeed2727b17ecb2ef00691e8ef7db3b8527c471e7296a8a91191183910/uv_build-0.12.16-py3-none-win_amd64.whl", hash = "sha256:88c16bcc2b3b95999d709b61769aebb91fd4fd5035fd7993021c3ea0b4fc6078", size = 1432597, upload-time = "2026-09-18T00:50:18.944Z" },
    { url = "https://files.pythonhosted.org/packages/ef/4a/940c6c744bca587b6cc9aa85a3a11b738e53460f0841eadde796835b811e/uv_build-0.12.16-py3-none-win_arm64.whl", hash = "sha256:70f92f8079176c004d9ea8df9313d9a583af57828d1dc1a62a92784174775bba", size = 1347936, upload-time = "2026-09-18T00:50:20.849Z" },
]
